
Microsoft Visual Studio Solution File, Format Version 12.00
# Visual Studio Version 17
VisualStudioVersion = 17.11.35312.102
MinimumVisualStudioVersion = 10.0.40219.1
Project("{FAE04EC0-301F-11D3-BF4B-00C04F79EFBC}") = "KütüphaneSist", "KütüphaneSist.csproj", "{206565EA-6406-4E45-BC84-D8CDE08D35DC}"
EndProject
Global
	GlobalSection(SolutionConfigurationPlatforms) = preSolution
		Debug|Any CPU = Debug|Any CPU
		Release|Any CPU = Release|Any CPU
	EndGlobalSection
	GlobalSection(ProjectConfigurationPlatforms) = postSolution
		{206565EA-6406-4E45-BC84-D8CDE08D35DC}.Debug|Any CPU.ActiveCfg = Debug|Any CPU
		{206565EA-6406-4E45-BC84-D8CDE08D35DC}.Debug|Any CPU.Build.0 = Debug|Any CPU
		{206565EA-6406-4E45-BC84-D8CDE08D35DC}.Release|Any CPU.ActiveCfg = Release|Any CPU
		{206565EA-6406-4E45-BC84-D8CDE08D35DC}.Release|Any CPU.Build.0 = Release|Any CPU
	EndGlobalSection
	GlobalSection(SolutionProperties) = preSolution
		HideSolutionNode = FALSE
	EndGlobalSection
	GlobalSection(ExtensibilityGlobals) = postSolution
		SolutionGuid = {A27FF0F7-9B50-42F1-9CE7-A6575D6BFEE0}
	EndGlobalSection
EndGlobal
